
Microsoft Visual Studio Solution File, Format Version 12.00
# Visual Studio 15
VisualStudioVersion = 15.0.28010.2019
MinimumVisualStudioVersion = 10.0.40219.1
Project("{FAE04EC0-301F-11D3-BF4B-00C04F79EFBC}") = "lab3", "lab3\lab3.csproj", "{02113EDE-468B-4C40-BF34-B7F18BD5A016}"
EndProject
Global
	GlobalSection(SolutionConfigurationPlatforms) = preSolution
		Debug|Any CPU = Debug|Any CPU
		Release|Any CPU = Release|Any CPU
	EndGlobalSection
	GlobalSection(ProjectConfigurationPlatforms) = postSolution
		{02113EDE-468B-4C40-BF34-B7F18BD5A016}.Debug|Any CPU.ActiveCfg = Debug|Any CPU
		{02113EDE-468B-4C40-BF34-B7F18BD5A016}.Debug|Any CPU.Build.0 = Debug|Any CPU
		{02113EDE-468B-4C40-BF34-B7F18BD5A016}.Release|Any CPU.ActiveCfg = Release|Any CPU
		{02113EDE-468B-4C40-BF34-B7F18BD5A016}.Release|Any CPU.Build.0 = Release|Any CPU
	EndGlobalSection
	GlobalSection(SolutionProperties) = preSolution
		HideSolutionNode = FALSE
	EndGlobalSection
	GlobalSection(ExtensibilityGlobals) = postSolution
		SolutionGuid = {0AF862F7-B38D-4D9B-80E2-E0085951D661}
	EndGlobalSection
EndGlobal
