
Microsoft Visual Studio Solution File, Format Version 12.00
# Visual Studio 15
VisualStudioVersion = 15.0.28010.2019
MinimumVisualStudioVersion = 10.0.40219.1
Project("{FAE04EC0-301F-11D3-BF4B-00C04F79EFBC}") = "lab5", "lab5\lab5.csproj", "{8486693D-75AE-4917-B434-EABB1A5FDC77}"
EndProject
Global
	GlobalSection(SolutionConfigurationPlatforms) = preSolution
		Debug|Any CPU = Debug|Any CPU
		Release|Any CPU = Release|Any CPU
	EndGlobalSection
	GlobalSection(ProjectConfigurationPlatforms) = postSolution
		{8486693D-75AE-4917-B434-EABB1A5FDC77}.Debug|Any CPU.ActiveCfg = Debug|Any CPU
		{8486693D-75AE-4917-B434-EABB1A5FDC77}.Debug|Any CPU.Build.0 = Debug|Any CPU
		{8486693D-75AE-4917-B434-EABB1A5FDC77}.Release|Any CPU.ActiveCfg = Release|Any CPU
		{8486693D-75AE-4917-B434-EABB1A5FDC77}.Release|Any CPU.Build.0 = Release|Any CPU
	EndGlobalSection
	GlobalSection(SolutionProperties) = preSolution
		HideSolutionNode = FALSE
	EndGlobalSection
	GlobalSection(ExtensibilityGlobals) = postSolution
		SolutionGuid = {2E1ABD51-89E7-4163-A89E-AD2131BFB5AB}
	EndGlobalSection
EndGlobal
