
Microsoft Visual Studio Solution File, Format Version 12.00
# Visual Studio Version 16
VisualStudioVersion = 16.0.30804.86
MinimumVisualStudioVersion = 10.0.40219.1
Project("{FAE04EC0-301F-11D3-BF4B-00C04F79EFBC}") = "RestApiMinald", "RestApiMinald\RestApiMinald.csproj", "{48D4960E-206B-4DD3-9884-94483D3BC559}"
EndProject
Global
	GlobalSection(SolutionConfigurationPlatforms) = preSolution
		Debug|Any CPU = Debug|Any CPU
		Release|Any CPU = Release|Any CPU
	EndGlobalSection
	GlobalSection(ProjectConfigurationPlatforms) = postSolution
		{48D4960E-206B-4DD3-9884-94483D3BC559}.Debug|Any CPU.ActiveCfg = Debug|Any CPU
		{48D4960E-206B-4DD3-9884-94483D3BC559}.Debug|Any CPU.Build.0 = Debug|Any CPU
		{48D4960E-206B-4DD3-9884-94483D3BC559}.Release|Any CPU.ActiveCfg = Release|Any CPU
		{48D4960E-206B-4DD3-9884-94483D3BC559}.Release|Any CPU.Build.0 = Release|Any CPU
	EndGlobalSection
	GlobalSection(SolutionProperties) = preSolution
		HideSolutionNode = FALSE
	EndGlobalSection
	GlobalSection(ExtensibilityGlobals) = postSolution
		SolutionGuid = {B0DB80D2-6531-452F-BDDD-ADE9ADE7A93F}
	EndGlobalSection
EndGlobal
