
Microsoft Visual Studio Solution File, Format Version 12.00
# Visual Studio 15
VisualStudioVersion = 15.0.28010.2019
MinimumVisualStudioVersion = 10.0.40219.1
Project("{FAE04EC0-301F-11D3-BF4B-00C04F79EFBC}") = "lab1", "lab1\lab1.csproj", "{4A45CD20-48B4-477B-A45E-237375A53029}"
EndProject
Global
	GlobalSection(SolutionConfigurationPlatforms) = preSolution
		Debug|Any CPU = Debug|Any CPU
		Release|Any CPU = Release|Any CPU
	EndGlobalSection
	GlobalSection(ProjectConfigurationPlatforms) = postSolution
		{4A45CD20-48B4-477B-A45E-237375A53029}.Debug|Any CPU.ActiveCfg = Debug|Any CPU
		{4A45CD20-48B4-477B-A45E-237375A53029}.Debug|Any CPU.Build.0 = Debug|Any CPU
		{4A45CD20-48B4-477B-A45E-237375A53029}.Release|Any CPU.ActiveCfg = Release|Any CPU
		{4A45CD20-48B4-477B-A45E-237375A53029}.Release|Any CPU.Build.0 = Release|Any CPU
	EndGlobalSection
	GlobalSection(SolutionProperties) = preSolution
		HideSolutionNode = FALSE
	EndGlobalSection
	GlobalSection(ExtensibilityGlobals) = postSolution
		SolutionGuid = {24338FFC-8935-4B7C-8053-2C1855EDFBDD}
	EndGlobalSection
EndGlobal
